{
  "name": "@wekanteam/meteor-reactive-cache",
  "version": "1.0.7",
  "lockfileVersion": 1,
  "requires": true,
  "dependencies": {
    "@wekanteam/meteor-globals": {
      "version": "1.1.6",
      "resolved": "https://registry.npmjs.org/@wekanteam/meteor-globals/-/meteor-globals-1.1.6.tgz",
      "integrity": "sha512-JJJZLXbvdpfRYtBBQ9JEk0iLU6yCs076r+qJ4e8gMD/AQpva7xOeLzMPdmzfemQ0M/Asa+7mVS1tU+2/5VQO9w==",
      "requires": {
        "semver": "^7.5.4"
      }
    },
    "semver": {
      "version": "7.7.4",
      "resolved": "https://registry.npmjs.org/semver/-/semver-7.7.4.tgz",
      "integrity": "sha512-vFKC2IEtQnVhpT78h1Yp8wzwrf8CM+MzKMHGJZfBtzhZNycRFnXsHk6E5TxIkkMsgNS7mdX3AGB7x2QM2di4lA=="
    }
  }
}
